// !$*UTF8*$!
{
	archiveVersion = 1;
	classes = {
	};
	objectVersion = 56;
	objects = {

/* Begin PBXBuildFile section */
		88E06C922AF8EA5E0060419B /* AppDelegate.swift in Sources */ = {isa = PBXBuildFile; fileRef = 88E06C912AF8EA5E0060419B /* AppDelegate.swift */; };
		88E06C942AF8EA5E0060419B /* SceneDelegate.swift in Sources */ = {isa = PBXBuildFile; fileRef = 88E06C932AF8EA5E0060419B /* SceneDelegate.swift */; };
		88E06C962AF8EA5E0060419B /* ViewController.swift in Sources */ = {isa = PBXBuildFile; fileRef = 88E06C952AF8EA5E0060419B /* ViewController.swift */; };
		88E06C992AF8EA5E0060419B /* Main.storyboard in Resources */ = {isa = PBXBuildFile; fileRef = 88E06C972AF8EA5E0060419B /* Main.storyboard */; };
		88E06C9B2AF8EA5F0060419B /* Assets.xcassets in Resources */ = {isa = PBXBuildFile; fileRef = 88E06C9A2AF8EA5F0060419B /* Assets.xcassets */; };
		88E06C9E2AF8EA5F0060419B /* LaunchScreen.storyboard in Resources */ = {isa = PBXBuildFile; fileRef = 88E06C9C2AF8EA5F0060419B /* LaunchScreen.storyboard */; };
		88E06CA62AF8EBC40060419B /* abc.swift in Sources */ = {isa = PBXBuildFile; fileRef = 88E06CA52AF8EBC40060419B /* abc.swift */; };
		E9012E539C881238498B42BC /* Pods_m17.framework in Frameworks */ = {isa = PBXBuildFile; fileRef = 2B693EEABB6B16031671EAC3 /* Pods_m17.framework */; };
/* End PBXBuildFile section */

/* Begin PBXFileReference section */
		2B693EEABB6B16031671EAC3 /* Pods_m17.framework */ = {isa = PBXFileReference; explicitFileType = wrapper.framework; includeInIndex = 0; path = Pods_m17.framework; sourceTree = BUILT_PRODUCTS_DIR; };
		88E06C8E2AF8EA5E0060419B /* m17.app */ = {isa = PBXFileReference; explicitFileType = wrapper.application; includeInIndex = 0; path = m17.app; sourceTree = BUILT_PRODUCTS_DIR; };
		88E06C912AF8EA5E0060419B /* AppDelegate.swift */ = {isa = PBXFileReference; lastKnownFileType = sourcecode.swift; path = AppDelegate.swift; sourceTree = "<group>"; };
		88E06C932AF8EA5E0060419B /* SceneDelegate.swift */ = {isa = PBXFileReference; lastKnownFileType = sourcecode.swift; path = SceneDelegate.swift; sourceTree = "<group>"; };
		88E06C952AF8EA5E0060419B /* ViewController.swift */ = {isa = PBXFileReference; lastKnownFileType = sourcecode.swift; path = ViewController.swift; sourceTree = "<group>"; };
		88E06C982AF8EA5E0060419B /* Base */ = {isa = PBXFileReference; lastKnownFileType = file.storyboard; name = Base; path = Base.lproj/Main.storyboard; sourceTree = "<group>"; };
		88E06C9A2AF8EA5F0060419B /* Assets.xcassets */ = {isa = PBXFileReference; lastKnownFileType = folder.assetcatalog; path = Assets.xcassets; sourceTree = "<group>"; };
		88E06C9D2AF8EA5F0060419B /* Base */ = {isa = PBXFileReference; lastKnownFileType = file.storyboard; name = Base; path = Base.lproj/LaunchScreen.storyboard; sourceTree = "<group>"; };
		88E06C9F2AF8EA5F0060419B /* Info.plist */ = {isa = PBXFileReference; lastKnownFileType = text.plist.xml; path = Info.plist; sourceTree = "<group>"; };
		88E06CA52AF8EBC40060419B /* abc.swift */ = {isa = PBXFileReference; lastKnownFileType = sourcecode.swift; path = abc.swift; sourceTree = "<group>"; };
		AD24A321279706EA7932FF83 /* Pods-m17.debug.xcconfig */ = {isa = PBXFileReference; includeInIndex = 1; lastKnownFileType = text.xcconfig; name = "Pods-m17.debug.xcconfig"; path = "Target Support Files/Pods-m17/Pods-m17.debug.xcconfig"; sourceTree = "<group>"; };
		B7E76DEE59091B513BD1E947 /* Pods-m17.release.xcconfig */ = {isa = PBXFileReference; includeInIndex = 1; lastKnownFileType = text.xcconfig; name = "Pods-m17.release.xcconfig"; path = "Target Support Files/Pods-m17/Pods-m17.release.xcconfig"; sourceTree = "<group>"; };
/* End PBXFileReference section */

/* Begin PBXFrameworksBuildPhase section */
		88E06C8B2AF8EA5E0060419B /* Frameworks */ = {
			isa = PBXFrameworksBuildPhase;
			buildActionMask = 2147483647;
			files = (
				E9012E539C881238498B42BC /* Pods_m17.framework in Frameworks */,
			);
			runOnlyForDeploymentPostprocessing = 0;
		};
/* End PBXFrameworksBuildPhase section */

/* Begin PBXGroup section */
		0B3A41E9B957E3ADBA719B49 /* Pods */ = {
			isa = PBXGroup;
			children = (
				AD24A321279706EA7932FF83 /* Pods-m17.debug.xcconfig */,
				B7E76DEE59091B513BD1E947 /* Pods-m17.release.xcconfig */,
			);
			name = Pods;
			path = Pods;
			sourceTree = "<group>";
		};
		34AF9DB87410F7AAF8C07801 /* Frameworks */ = {
			isa = PBXGroup;
			children = (
				2B693EEABB6B16031671EAC3 /* Pods_m17.framework */,
			);
			name = Frameworks;
			sourceTree = "<group>";
		};
		88E06C852AF8EA5E0060419B = {
			isa = PBXGroup;
			children = (
				88E06C902AF8EA5E0060419B /* m17 */,
				88E06C8F2AF8EA5E0060419B /* Products */,
				0B3A41E9B957E3ADBA719B49 /* Pods */,
				34AF9DB87410F7AAF8C07801 /* Frameworks */,
			);
			sourceTree = "<group>";
		};
		88E06C8F2AF8EA5E0060419B /* Products */ = {
			isa = PBXGroup;
			children = (
				88E06C8E2AF8EA5E0060419B /* m17.app */,
			);
			name = Products;
			sourceTree = "<group>";
		};
		88E06C902AF8EA5E0060419B /* m17 */ = {
			isa = PBXGroup;
			children = (
				88E06C912AF8EA5E0060419B /* AppDelegate.swift */,
				88E06C932AF8EA5E0060419B /* SceneDelegate.swift */,
				88E06C952AF8EA5E0060419B /* ViewController.swift */,
				88E06C972AF8EA5E0060419B /* Main.storyboard */,
				88E06C9A2AF8EA5F0060419B /* Assets.xcassets */,
				88E06C9C2AF8EA5F0060419B /* LaunchScreen.storyboard */,
				88E06C9F2AF8EA5F0060419B /* Info.plist */,
				88E06CA52AF8EBC40060419B /* abc.swift */,
			);
			path = m17;
			sourceTree = "<group>";
		};
/* End PBXGroup section */

/* Begin PBXNativeTarget section */
		88E06C8D2AF8EA5E0060419B /* m17 */ = {
			isa = PBXNativeTarget;
			buildConfigurationList = 88E06CA22AF8EA5F0060419B /* Build configuration list for PBXNativeTarget "m17" */;
			buildPhases = (
				786CE895A23AA1D29BE38FF7 /* [CP] Check Pods Manifest.lock */,
				88E06C8A2AF8EA5E0060419B /* Sources */,
				88E06C8B2AF8EA5E0060419B /* Frameworks */,
				88E06C8C2AF8EA5E0060419B /* Resources */,
				FB9E4C459528652428898B71 /* [CP] Embed Pods Frameworks */,
			);
			buildRules = (
			);
			dependencies = (
			);
			name = m17;
			productName = m17;
			productReference = 88E06C8E2AF8EA5E0060419B /* m17.app */;
			productType = "com.apple.product-type.application";
		};
/* End PBXNativeTarget section */

/* Begin PBXProject section */
		88E06C862AF8EA5E0060419B /* Project object */ = {
			isa = PBXProject;
			attributes = {
				BuildIndependentTargetsInParallel = 1;
				LastSwiftUpdateCheck = 1500;
				LastUpgradeCheck = 1500;
				TargetAttributes = {
					88E06C8D2AF8EA5E0060419B = {
						CreatedOnToolsVersion = 15.0.1;
					};
				};
			};
			buildConfigurationList = 88E06C892AF8EA5E0060419B /* Build configuration list for PBXProject "m17" */;
			compatibilityVersion = "Xcode 14.0";
			developmentRegion = en;
			hasScannedForEncodings = 0;
			knownRegions = (
				en,
				Base,
			);
			mainGroup = 88E06C852AF8EA5E0060419B;
			productRefGroup = 88E06C8F2AF8EA5E0060419B /* Products */;
			projectDirPath = "";
			projectRoot = "";
			targets = (
				88E06C8D2AF8EA5E0060419B /* m17 */,
			);
		};
/* End PBXProject section */

/* Begin PBXResourcesBuildPhase section */
		88E06C8C2AF8EA5E0060419B /* Resources */ = {
			isa = PBXResourcesBuildPhase;
			buildActionMask = 2147483647;
			files = (
				88E06C9E2AF8EA5F0060419B /* LaunchScreen.storyboard in Resources */,
				88E06C9B2AF8EA5F0060419B /* Assets.xcassets in Resources */,
				88E06C992AF8EA5E0060419B /* Main.storyboard in Resources */,
			);
			runOnlyForDeploymentPostprocessing = 0;
		};
/* End PBXResourcesBuildPhase section */

/* Begin PBXShellScriptBuildPhase section */
		786CE895A23AA1D29BE38FF7 /* [CP] Check Pods Manifest.lock */ = {
			isa = PBXShellScriptBuildPhase;
			buildActionMask = 2147483647;
			files = (
			);
			inputFileListPaths = (
			);
			inputPaths = (
				"${PODS_PODFILE_DIR_PATH}/Podfile.lock",
				"${PODS_ROOT}/Manifest.lock",
			);
			name = "[CP] Check Pods Manifest.lock";
			outputFileListPaths = (
			);
			outputPaths = (
				"$(DERIVED_FILE_DIR)/Pods-m17-checkManifestLockResult.txt",
			);
			runOnlyForDeploymentPostprocessing = 0;
			shellPath = /bin/sh;
			shellScript = "diff \"${PODS_PODFILE_DIR_PATH}/Podfile.lock\" \"${PODS_ROOT}/Manifest.lock\" > /dev/null\nif [ $? != 0 ] ; then\n    # print error to STDERR\n    echo \"error: The sandbox is not in sync with the Podfile.lock. Run 'pod install' or update your CocoaPods installation.\" >&2\n    exit 1\nfi\n# This output is used by Xcode 'outputs' to avoid re-running this script phase.\necho \"SUCCESS\" > \"${SCRIPT_OUTPUT_FILE_0}\"\n";
			showEnvVarsInLog = 0;
		};
		FB9E4C459528652428898B71 /* [CP] Embed Pods Frameworks */ = {
			isa = PBXShellScriptBuildPhase;
			buildActionMask = 2147483647;
			files = (
			);
			inputFileListPaths = (
				"${PODS_ROOT}/Target Support Files/Pods-m17/Pods-m17-frameworks-${CONFIGURATION}-input-files.xcfilelist",
			);
			name = "[CP] Embed Pods Frameworks";
			outputFileListPaths = (
				"${PODS_ROOT}/Target Support Files/Pods-m17/Pods-m17-frameworks-${CONFIGURATION}-output-files.xcfilelist",
			);
			runOnlyForDeploymentPostprocessing = 0;
			shellPath = /bin/sh;
			shellScript = "\"${PODS_ROOT}/Target Support Files/Pods-m17/Pods-m17-frameworks.sh\"\n";
			showEnvVarsInLog = 0;
		};
/* End PBXShellScriptBuildPhase section */

/* Begin PBXSourcesBuildPhase section */
		88E06C8A2AF8EA5E0060419B /* Sources */ = {
			isa = PBXSourcesBuildPhase;
			buildActionMask = 2147483647;
			files = (
				88E06C962AF8EA5E0060419B /* ViewController.swift in Sources */,
				88E06C922AF8EA5E0060419B /* AppDelegate.swift in Sources */,
				88E06CA62AF8EBC40060419B /* abc.swift in Sources */,
				88E06C942AF8EA5E0060419B /* SceneDelegate.swift in Sources */,
			);
			runOnlyForDeploymentPostprocessing = 0;
		};
/* End PBXSourcesBuildPhase section */

/* Begin PBXVariantGroup section */
		88E06C972AF8EA5E0060419B /* Main.storyboard */ = {
			isa = PBXVariantGroup;
			children = (
				88E06C982AF8EA5E0060419B /* Base */,
			);
			name = Main.storyboard;
			sourceTree = "<group>";
		};
		88E06C9C2AF8EA5F0060419B /* LaunchScreen.storyboard */ = {
			isa = PBXVariantGroup;
			children = (
				88E06C9D2AF8EA5F0060419B /* Base */,
			);
			name = LaunchScreen.storyboard;
			sourceTree = "<group>";
		};
/* End PBXVariantGroup section */

/* Begin XCBuildConfiguration section */
		88E06CA02AF8EA5F0060419B /* Debug */ = {
			isa = XCBuildConfiguration;
			buildSettings = {
				ALWAYS_SEARCH_USER_PATHS = NO;
				ASSETCATALOG_COMPILER_GENERATE_SWIFT_ASSET_SYMBOL_EXTENSIONS = YES;
				CLANG_ANALYZER_NONNULL = YES;
				CLANG_ANALYZER_NUMBER_OBJECT_CONVERSION = YES_AGGRESSIVE;
				CLANG_CXX_LANGUAGE_STANDARD = "gnu++20";
				CLANG_ENABLE_MODULES = YES;
				CLANG_ENABLE_OBJC_ARC = YES;
				CLANG_ENABLE_OBJC_WEAK = YES;
				CLANG_WARN_BLOCK_CAPTURE_AUTORELEASING = YES;
				CLANG_WARN_BOOL_CONVERSION = YES;
				CLANG_WARN_COMMA = YES;
				CLANG_WARN_CONSTANT_CONVERSION = YES;
				CLANG_WARN_DEPRECATED_OBJC_IMPLEMENTATIONS = YES;
				CLANG_WARN_DIRECT_OBJC_ISA_USAGE = YES_ERROR;
				CLANG_WARN_DOCUMENTATION_COMMENTS = YES;
				CLANG_WARN_EMPTY_BODY = YES;
				CLANG_WARN_ENUM_CONVERSION = YES;
				CLANG_WARN_INFINITE_RECURSION = YES;
				CLANG_WARN_INT_CONVERSION = YES;
				CLANG_WARN_NON_LITERAL_NULL_CONVERSION = YES;
				CLANG_WARN_OBJC_IMPLICIT_RETAIN_SELF = YES;
				CLANG_WARN_OBJC_LITERAL_CONVERSION = YES;
				CLANG_WARN_OBJC_ROOT_CLASS = YES_ERROR;
				CLANG_WARN_QUOTED_INCLUDE_IN_FRAMEWORK_HEADER = YES;
				CLANG_WARN_RANGE_LOOP_ANALYSIS = YES;
				CLANG_WARN_STRICT_PROTOTYPES = YES;
				CLANG_WARN_SUSPICIOUS_MOVE = YES;
				CLANG_WARN_UNGUARDED_AVAILABILITY = YES_AGGRESSIVE;
				CLANG_WARN_UNREACHABLE_CODE = YES;
				CLANG_WARN__DUPLICATE_METHOD_MATCH = YES;
				COPY_PHASE_STRIP = NO;
				DEBUG_INFORMATION_FORMAT = dwarf;
				ENABLE_STRICT_OBJC_MSGSEND = YES;
				ENABLE_TESTABILITY = YES;
				ENABLE_USER_SCRIPT_SANDBOXING = YES;
				GCC_C_LANGUAGE_STANDARD = gnu17;
				GCC_DYNAMIC_NO_PIC = NO;
				GCC_NO_COMMON_BLOCKS = YES;
				GCC_OPTIMIZATION_LEVEL = 0;
				GCC_PREPROCESSOR_DEFINITIONS = (
					"DEBUG=1",
					"$(inherited)",
				);
				GCC_WARN_64_TO_32_BIT_CONVERSION = YES;
				GCC_WARN_ABOUT_RETURN_TYPE = YES_ERROR;
				GCC_WARN_UNDECLARED_SELECTOR = YES;
				GCC_WARN_UNINITIALIZED_AUTOS = YES_AGGRESSIVE;
				GCC_WARN_UNUSED_FUNCTION = YES;
				GCC_WARN_UNUSED_VARIABLE = YES;
				IPHONEOS_DEPLOYMENT_TARGET = 17.0;
				LOCALIZATION_PREFERS_STRING_CATALOGS = YES;
				MTL_ENABLE_DEBUG_INFO = INCLUDE_SOURCE;
				MTL_FAST_MATH = YES;
				ONLY_ACTIVE_ARCH = YES;
				SDKROOT = iphoneos;
				SWIFT_ACTIVE_COMPILATION_CONDITIONS = "DEBUG $(inherited)";
				SWIFT_OPTIMIZATION_LEVEL = "-Onone";
			};
			name = Debug;
		};
		88E06CA12AF8EA5F0060419B /* Release */ = {
			isa = XCBuildConfiguration;
			buildSettings = {
				ALWAYS_SEARCH_USER_PATHS = NO;
				ASSETCATALOG_COMPILER_GENERATE_SWIFT_ASSET_SYMBOL_EXTENSIONS = YES;
				CLANG_ANALYZER_NONNULL = YES;
				CLANG_ANALYZER_NUMBER_OBJECT_CONVERSION = YES_AGGRESSIVE;
				CLANG_CXX_LANGUAGE_STANDARD = "gnu++20";
				CLANG_ENABLE_MODULES = YES;
				CLANG_ENABLE_OBJC_ARC = YES;
				CLANG_ENABLE_OBJC_WEAK = YES;
				CLANG_WARN_BLOCK_CAPTURE_AUTORELEASING = YES;
				CLANG_WARN_BOOL_CONVERSION = YES;
				CLANG_WARN_COMMA = YES;
				CLANG_WARN_CONSTANT_CONVERSION = YES;
				CLANG_WARN_DEPRECATED_OBJC_IMPLEMENTATIONS = YES;
				CLANG_WARN_DIRECT_OBJC_ISA_USAGE = YES_ERROR;
				CLANG_WARN_DOCUMENTATION_COMMENTS = YES;
				CLANG_WARN_EMPTY_BODY = YES;
				CLANG_WARN_ENUM_CONVERSION = YES;
				CLANG_WARN_INFINITE_RECURSION = YES;
				CLANG_WARN_INT_CONVERSION = YES;
				CLANG_WARN_NON_LITERAL_NULL_CONVERSION = YES;
				CLANG_WARN_OBJC_IMPLICIT_RETAIN_SELF = YES;
				CLANG_WARN_OBJC_LITERAL_CONVERSION = YES;
				CLANG_WARN_OBJC_ROOT_CLASS = YES_ERROR;
				CLANG_WARN_QUOTED_INCLUDE_IN_FRAMEWORK_HEADER = YES;
				CLANG_WARN_RANGE_LOOP_ANALYSIS = YES;
				CLANG_WARN_STRICT_PROTOTYPES = YES;
				CLANG_WARN_SUSPICIOUS_MOVE = YES;
				CLANG_WARN_UNGUARDED_AVAILABILITY = YES_AGGRESSIVE;
				CLANG_WARN_UNREACHABLE_CODE = YES;
				CLANG_WARN__DUPLICATE_METHOD_MATCH = YES;
				COPY_PHASE_STRIP = NO;
				DEBUG_INFORMATION_FORMAT = "dwarf-with-dsym";
				ENABLE_NS_ASSERTIONS = NO;
				ENABLE_STRICT_OBJC_MSGSEND = YES;
				ENABLE_USER_SCRIPT_SANDBOXING = YES;
				GCC_C_LANGUAGE_STANDARD = gnu17;
				GCC_NO_COMMON_BLOCKS = YES;
				GCC_WARN_64_TO_32_BIT_CONVERSION = YES;
				GCC_WARN_ABOUT_RETURN_TYPE = YES_ERROR;
				GCC_WARN_UNDECLARED_SELECTOR = YES;
				GCC_WARN_UNINITIALIZED_AUTOS = YES_AGGRESSIVE;
				GCC_WARN_UNUSED_FUNCTION = YES;
				GCC_WARN_UNUSED_VARIABLE = YES;
				IPHONEOS_DEPLOYMENT_TARGET = 17.0;
				LOCALIZATION_PREFERS_STRING_CATALOGS = YES;
				MTL_ENABLE_DEBUG_INFO = NO;
				MTL_FAST_MATH = YES;
				SDKROOT = iphoneos;
				SWIFT_COMPILATION_MODE = wholemodule;
				VALIDATE_PRODUCT = YES;
			};
			name = Release;
		};
		88E06CA32AF8EA5F0060419B /* Debug */ = {
			isa = XCBuildConfiguration;
			baseConfigurationReference = AD24A321279706EA7932FF83 /* Pods-m17.debug.xcconfig */;
			buildSettings = {
				ASSETCATALOG_COMPILER_APPICON_NAME = AppIcon;
				ASSETCATALOG_COMPILER_GLOBAL_ACCENT_COLOR_NAME = AccentColor;
				CODE_SIGN_STYLE = Automatic;
				CURRENT_PROJECT_VERSION = 1;
				GENERATE_INFOPLIST_FILE = YES;
				INFOPLIST_FILE = m17/Info.plist;
				INFOPLIST_KEY_UIApplicationSupportsIndirectInputEvents = YES;
				INFOPLIST_KEY_UILaunchStoryboardName = LaunchScreen;
				INFOPLIST_KEY_UIMainStoryboardFile = Main;
				INFOPLIST_KEY_UISupportedInterfaceOrientations_iPad = "UIInterfaceOrientationPortrait UIInterfaceOrientationPortraitUpsideDown UIInterfaceOrientationLandscapeLeft UIInterfaceOrientationLandscapeRight";
				INFOPLIST_KEY_UISupportedInterfaceOrientations_iPhone = "UIInterfaceOrientationPortrait UIInterfaceOrientationLandscapeLeft UIInterfaceOrientationLandscapeRight";
				LD_RUNPATH_SEARCH_PATHS = (
					"$(inherited)",
					"@executable_path/Frameworks",
				);
				MARKETING_VERSION = 1.0;
				PRODUCT_BUNDLE_IDENTIFIER = gnativ.m17;
				PRODUCT_NAME = "$(TARGET_NAME)";
				SWIFT_EMIT_LOC_STRINGS = YES;
				SWIFT_VERSION = 5.0;
				TARGETED_DEVICE_FAMILY = "1,2";
			};
			name = Debug;
		};
		88E06CA42AF8EA5F0060419B /* Release */ = {
			isa = XCBuildConfiguration;
			baseConfigurationReference = B7E76DEE59091B513BD1E947 /* Pods-m17.release.xcconfig */;
			buildSettings = {
				ASSETCATALOG_COMPILER_APPICON_NAME = AppIcon;
				ASSETCATALOG_COMPILER_GLOBAL_ACCENT_COLOR_NAME = AccentColor;
				CODE_SIGN_STYLE = Automatic;
				CURRENT_PROJECT_VERSION = 1;
				GENERATE_INFOPLIST_FILE = YES;
				INFOPLIST_FILE = m17/Info.plist;
				INFOPLIST_KEY_UIApplicationSupportsIndirectInputEvents = YES;
				INFOPLIST_KEY_UILaunchStoryboardName = LaunchScreen;
				INFOPLIST_KEY_UIMainStoryboardFile = Main;
				INFOPLIST_KEY_UISupportedInterfaceOrientations_iPad = "UIInterfaceOrientationPortrait UIInterfaceOrientationPortraitUpsideDown UIInterfaceOrientationLandscapeLeft UIInterfaceOrientationLandscapeRight";
				INFOPLIST_KEY_UISupportedInterfaceOrientations_iPhone = "UIInterfaceOrientationPortrait UIInterfaceOrientationLandscapeLeft UIInterfaceOrientationLandscapeRight";
				LD_RUNPATH_SEARCH_PATHS = (
					"$(inherited)",
					"@executable_path/Frameworks",
				);
				MARKETING_VERSION = 1.0;
				PRODUCT_BUNDLE_IDENTIFIER = gnativ.m17;
				PRODUCT_NAME = "$(TARGET_NAME)";
				SWIFT_EMIT_LOC_STRINGS = YES;
				SWIFT_VERSION = 5.0;
				TARGETED_DEVICE_FAMILY = "1,2";
			};
			name = Release;
		};
/* End XCBuildConfiguration section */

/* Begin XCConfigurationList section */
		88E06C892AF8EA5E0060419B /* Build configuration list for PBXProject "m17" */ = {
			isa = XCConfigurationList;
			buildConfigurations = (
				88E06CA02AF8EA5F0060419B /* Debug */,
				88E06CA12AF8EA5F0060419B /* Release */,
			);
			defaultConfigurationIsVisible = 0;
			defaultConfigurationName = Release;
		};
		88E06CA22AF8EA5F0060419B /* Build configuration list for PBXNativeTarget "m17" */ = {
			isa = XCConfigurationList;
			buildConfigurations = (
				88E06CA32AF8EA5F0060419B /* Debug */,
				88E06CA42AF8EA5F0060419B /* Release */,
			);
			defaultConfigurationIsVisible = 0;
			defaultConfigurationName = Release;
		};
/* End XCConfigurationList section */
	};
	rootObject = 88E06C862AF8EA5E0060419B /* Project object */;
}
